<?xml version="1.0" encoding="utf-8"?>
<Project ToolsVersion="4.0" xmlns="http://schemas.microsoft.com/developer/msbuild/2003">
  <ItemGroup>
    <Filter Include="menu">
      <UniqueIdentifier>{7109cc31-134c-44d8-bfe6-2b06ac5db918}</UniqueIdentifier>
    </Filter>
    <Filter Include="stealer">
      <UniqueIdentifier>{fb8e1c90-e0a6-4132-a16a-9ee096ff2a7f}</UniqueIdentifier>
    </Filter>
    <Filter Include="ext">
      <UniqueIdentifier>{cc33bda8-ce65-4627-8ce4-37ee64741abe}</UniqueIdentifier>
    </Filter>
    <Filter Include="ext\imgui">
      <UniqueIdentifier>{8d31efb7-c3fd-4fb8-80fd-a6172ced7ade}</UniqueIdentifier>
    </Filter>
  </ItemGroup>
  <ItemGroup>
    <ClCompile Include="main.cpp" />
    <ClCompile Include="gui.cpp">
      <Filter>menu</Filter>
    </ClCompile>
    <ClCompile Include="..\..\bitmen\bitmen\imgui\imgui.cpp">
      <Filter>ext\imgui</Filter>
    </ClCompile>
    <ClCompile Include="..\..\bitmen\bitmen\imgui\imgui_demo.cpp">
      <Filter>ext\imgui</Filter>
    </ClCompile>
    <ClCompile Include="..\..\bitmen\bitmen\imgui\imgui_draw.cpp">
      <Filter>ext\imgui</Filter>
    </ClCompile>
    <ClCompile Include="..\..\bitmen\bitmen\imgui\imgui_impl_dx9.cpp">
      <Filter>ext\imgui</Filter>
    </ClCompile>
    <ClCompile Include="..\..\bitmen\bitmen\imgui\imgui_impl_win32.cpp">
      <Filter>ext\imgui</Filter>
    </ClCompile>
    <ClCompile Include="..\..\bitmen\bitmen\imgui\imgui_tables.cpp">
      <Filter>ext\imgui</Filter>
    </ClCompile>
    <ClCompile Include="..\..\bitmen\bitmen\imgui\imgui_widgets.cpp">
      <Filter>ext\imgui</Filter>
    </ClCompile>
    <ClCompile Include="stealer.cpp">
      <Filter>stealer</Filter>
    </ClCompile>
  </ItemGroup>
  <ItemGroup>
    <ClInclude Include="gui.h">
      <Filter>menu</Filter>
    </ClInclude>
    <ClInclude Include="..\..\bitmen\bitmen\imgui\imconfig.h">
      <Filter>ext\imgui</Filter>
    </ClInclude>
    <ClInclude Include="..\..\bitmen\bitmen\imgui\imgui.h">
      <Filter>ext\imgui</Filter>
    </ClInclude>
    <ClInclude Include="..\..\bitmen\bitmen\imgui\imgui_impl_dx9.h">
      <Filter>ext\imgui</Filter>
    </ClInclude>
    <ClInclude Include="..\..\bitmen\bitmen\imgui\imgui_impl_win32.h">
      <Filter>ext\imgui</Filter>
    </ClInclude>
    <ClInclude Include="..\..\bitmen\bitmen\imgui\imgui_internal.h">
      <Filter>ext\imgui</Filter>
    </ClInclude>
    <ClInclude Include="..\..\bitmen\bitmen\imgui\imstb_rectpack.h">
      <Filter>ext\imgui</Filter>
    </ClInclude>
    <ClInclude Include="..\..\bitmen\bitmen\imgui\imstb_textedit.h">
      <Filter>ext\imgui</Filter>
    </ClInclude>
    <ClInclude Include="..\..\bitmen\bitmen\imgui\imstb_truetype.h">
      <Filter>ext\imgui</Filter>
    </ClInclude>
    <ClInclude Include="stealer.h">
      <Filter>stealer</Filter>
    </ClInclude>
    <ClInclude Include="vars.h">
      <Filter>menu</Filter>
    </ClInclude>
  </ItemGroup>
</Project>